// !$*UTF8*$!
{
	archiveVersion = 1;
	classes = {
	};
	objectVersion = 50;
	objects = {

/* Begin PBXBuildFile section */
		90B2A8552230552700FAA212 /* AppDelegate.swift in Sources */ = {isa = PBXBuildFile; fileRef = 90B2A8542230552700FAA212 /* AppDelegate.swift */; };
		90B2A8572230552700FAA212 /* ViewController.swift in Sources */ = {isa = PBXBuildFile; fileRef = 90B2A8562230552700FAA212 /* ViewController.swift */; };
		90B2A85A2230552700FAA212 /* Main.storyboard in Resources */ = {isa = PBXBuildFile; fileRef = 90B2A8582230552700FAA212 /* Main.storyboard */; };
		90B2A85C2230552C00FAA212 /* Assets.xcassets in Resources */ = {isa = PBXBuildFile; fileRef = 90B2A85B2230552C00FAA212 /* Assets.xcassets */; };
		90B2A85F2230552C00FAA212 /* LaunchScreen.storyboard in Resources */ = {isa = PBXBuildFile; fileRef = 90B2A85D2230552C00FAA212 /* LaunchScreen.storyboard */; };
		90B2A86A2230552D00FAA212 /* MatrixMultiplicationTests.swift in Sources */ = {isa = PBXBuildFile; fileRef = 90B2A8692230552D00FAA212 /* MatrixMultiplicationTests.swift */; };
/* End PBXBuildFile section */

/* Begin PBXContainerItemProxy section */
		90B2A8662230552D00FAA212 /* PBXContainerItemProxy */ = {
			isa = PBXContainerItemProxy;
			containerPortal = 90B2A8492230552700FAA212 /* Project object */;
			proxyType = 1;
			remoteGlobalIDString = 90B2A8502230552700FAA212;
			remoteInfo = MatrixMultiplication;
		};
/* End PBXContainerItemProxy section */

/* Begin PBXFileReference section */
		90B2A8512230552700FAA212 /* MatrixMultiplication.app */ = {isa = PBXFileReference; explicitFileType = wrapper.application; includeInIndex = 0; path = MatrixMultiplication.app; sourceTree = BUILT_PRODUCTS_DIR; };
		90B2A8542230552700FAA212 /* AppDelegate.swift */ = {isa = PBXFileReference; lastKnownFileType = sourcecode.swift; path = AppDelegate.swift; sourceTree = "<group>"; };
		90B2A8562230552700FAA212 /* ViewController.swift */ = {isa = PBXFileReference; lastKnownFileType = sourcecode.swift; path = ViewController.swift; sourceTree = "<group>"; };
		90B2A8592230552700FAA212 /* Base */ = {isa = PBXFileReference; lastKnownFileType = file.storyboard; name = Base; path = Base.lproj/Main.storyboard; sourceTree = "<group>"; };
		90B2A85B2230552C00FAA212 /* Assets.xcassets */ = {isa = PBXFileReference; lastKnownFileType = folder.assetcatalog; path = Assets.xcassets; sourceTree = "<group>"; };
		90B2A85E2230552C00FAA212 /* Base */ = {isa = PBXFileReference; lastKnownFileType = file.storyboard; name = Base; path = Base.lproj/LaunchScreen.storyboard; sourceTree = "<group>"; };
		90B2A8602230552C00FAA212 /* Info.plist */ = {isa = PBXFileReference; lastKnownFileType = text.plist.xml; path = Info.plist; sourceTree = "<group>"; };
		90B2A8652230552D00FAA212 /* MatrixMultiplicationTests.xctest */ = {isa = PBXFileReference; explicitFileType = wrapper.cfbundle; includeInIndex = 0; path = MatrixMultiplicationTests.xctest; sourceTree = BUILT_PRODUCTS_DIR; };
		90B2A8692230552D00FAA212 /* MatrixMultiplicationTests.swift */ = {isa = PBXFileReference; lastKnownFileType = sourcecode.swift; path = MatrixMultiplicationTests.swift; sourceTree = "<group>"; };
		90B2A86B2230552D00FAA212 /* Info.plist */ = {isa = PBXFileReference; lastKnownFileType = text.plist.xml; path = Info.plist; sourceTree = "<group>"; };
/* End PBXFileReference section */

/* Begin PBXFrameworksBuildPhase section */
		90B2A84E2230552700FAA212 /* Frameworks */ = {
			isa = PBXFrameworksBuildPhase;
			buildActionMask = 2147483647;
			files = (
			);
			runOnlyForDeploymentPostprocessing = 0;
		};
		90B2A8622230552D00FAA212 /* Frameworks */ = {
			isa = PBXFrameworksBuildPhase;
			buildActionMask = 2147483647;
			files = (
			);
			runOnlyForDeploymentPostprocessing = 0;
		};
/* End PBXFrameworksBuildPhase section */

/* Begin PBXGroup section */
		90B2A8482230552700FAA212 = {
			isa = PBXGroup;
			children = (
				90B2A8532230552700FAA212 /* MatrixMultiplication */,
				90B2A8682230552D00FAA212 /* MatrixMultiplicationTests */,
				90B2A8522230552700FAA212 /* Products */,
			);
			sourceTree = "<group>";
		};
		90B2A8522230552700FAA212 /* Products */ = {
			isa = PBXGroup;
			children = (
				90B2A8512230552700FAA212 /* MatrixMultiplication.app */,
				90B2A8652230552D00FAA212 /* MatrixMultiplicationTests.xctest */,
			);
			name = Products;
			sourceTree = "<group>";
		};
		90B2A8532230552700FAA212 /* MatrixMultiplication */ = {
			isa = PBXGroup;
			children = (
				90B2A8542230552700FAA212 /* AppDelegate.swift */,
				90B2A8562230552700FAA212 /* ViewController.swift */,
				90B2A8582230552700FAA212 /* Main.storyboard */,
				90B2A85B2230552C00FAA212 /* Assets.xcassets */,
				90B2A85D2230552C00FAA212 /* LaunchScreen.storyboard */,
				90B2A8602230552C00FAA212 /* Info.plist */,
			);
			path = MatrixMultiplication;
			sourceTree = "<group>";
		};
		90B2A8682230552D00FAA212 /* MatrixMultiplicationTests */ = {
			isa = PBXGroup;
			children = (
				90B2A8692230552D00FAA212 /* MatrixMultiplicationTests.swift */,
				90B2A86B2230552D00FAA212 /* Info.plist */,
			);
			path = MatrixMultiplicationTests;
			sourceTree = "<group>";
		};
/* End PBXGroup section */

/* Begin PBXNativeTarget section */
		90B2A8502230552700FAA212 /* MatrixMultiplication */ = {
			isa = PBXNativeTarget;
			buildConfigurationList = 90B2A86E2230552D00FAA212 /* Build configuration list for PBXNativeTarget "MatrixMultiplication" */;
			buildPhases = (
				90B2A84D2230552700FAA212 /* Sources */,
				90B2A84E2230552700FAA212 /* Frameworks */,
				90B2A84F2230552700FAA212 /* Resources */,
			);
			buildRules = (
			);
			dependencies = (
			);
			name = MatrixMultiplication;
			productName = MatrixMultiplication;
			productReference = 90B2A8512230552700FAA212 /* MatrixMultiplication.app */;
			productType = "com.apple.product-type.application";
		};
		90B2A8642230552D00FAA212 /* MatrixMultiplicationTests */ = {
			isa = PBXNativeTarget;
			buildConfigurationList = 90B2A8712230552D00FAA212 /* Build configuration list for PBXNativeTarget "MatrixMultiplicationTests" */;
			buildPhases = (
				90B2A8612230552D00FAA212 /* Sources */,
				90B2A8622230552D00FAA212 /* Frameworks */,
				90B2A8632230552D00FAA212 /* Resources */,
			);
			buildRules = (
			);
			dependencies = (
				90B2A8672230552D00FAA212 /* PBXTargetDependency */,
			);
			name = MatrixMultiplicationTests;
			productName = MatrixMultiplicationTests;
			productReference = 90B2A8652230552D00FAA212 /* MatrixMultiplicationTests.xctest */;
			productType = "com.apple.product-type.bundle.unit-test";
		};
/* End PBXNativeTarget section */

/* Begin PBXProject section */
		90B2A8492230552700FAA212 /* Project object */ = {
			isa = PBXProject;
			attributes = {
				LastSwiftUpdateCheck = 1010;
				LastUpgradeCheck = 1010;
				ORGANIZATIONNAME = kassergey;
				TargetAttributes = {
					90B2A8502230552700FAA212 = {
						CreatedOnToolsVersion = 10.1;
					};
					90B2A8642230552D00FAA212 = {
						CreatedOnToolsVersion = 10.1;
						TestTargetID = 90B2A8502230552700FAA212;
					};
				};
			};
			buildConfigurationList = 90B2A84C2230552700FAA212 /* Build configuration list for PBXProject "MatrixMultiplication" */;
			compatibilityVersion = "Xcode 9.3";
			developmentRegion = en;
			hasScannedForEncodings = 0;
			knownRegions = (
				en,
				Base,
			);
			mainGroup = 90B2A8482230552700FAA212;
			productRefGroup = 90B2A8522230552700FAA212 /* Products */;
			projectDirPath = "";
			projectRoot = "";
			targets = (
				90B2A8502230552700FAA212 /* MatrixMultiplication */,
				90B2A8642230552D00FAA212 /* MatrixMultiplicationTests */,
			);
		};
/* End PBXProject section */

/* Begin PBXResourcesBuildPhase section */
		90B2A84F2230552700FAA212 /* Resources */ = {
			isa = PBXResourcesBuildPhase;
			buildActionMask = 2147483647;
			files = (
				90B2A85F2230552C00FAA212 /* LaunchScreen.storyboard in Resources */,
				90B2A85C2230552C00FAA212 /* Assets.xcassets in Resources */,
				90B2A85A2230552700FAA212 /* Main.storyboard in Resources */,
			);
			runOnlyForDeploymentPostprocessing = 0;
		};
		90B2A8632230552D00FAA212 /* Resources */ = {
			isa = PBXResourcesBuildPhase;
			buildActionMask = 2147483647;
			files = (
			);
			runOnlyForDeploymentPostprocessing = 0;
		};
/* End PBXResourcesBuildPhase section */

/* Begin PBXSourcesBuildPhase section */
		90B2A84D2230552700FAA212 /* Sources */ = {
			isa = PBXSourcesBuildPhase;
			buildActionMask = 2147483647;
			files = (
				90B2A8572230552700FAA212 /* ViewController.swift in Sources */,
				90B2A8552230552700FAA212 /* AppDelegate.swift in Sources */,
			);
			runOnlyForDeploymentPostprocessing = 0;
		};
		90B2A8612230552D00FAA212 /* Sources */ = {
			isa = PBXSourcesBuildPhase;
			buildActionMask = 2147483647;
			files = (
				90B2A86A2230552D00FAA212 /* MatrixMultiplicationTests.swift in Sources */,
			);
			runOnlyForDeploymentPostprocessing = 0;
		};
/* End PBXSourcesBuildPhase section */

/* Begin PBXTargetDependency section */
		90B2A8672230552D00FAA212 /* PBXTargetDependency */ = {
			isa = PBXTargetDependency;
			target = 90B2A8502230552700FAA212 /* MatrixMultiplication */;
			targetProxy = 90B2A8662230552D00FAA212 /* PBXContainerItemProxy */;
		};
/* End PBXTargetDependency section */

/* Begin PBXVariantGroup section */
		90B2A8582230552700FAA212 /* Main.storyboard */ = {
			isa = PBXVariantGroup;
			children = (
				90B2A8592230552700FAA212 /* Base */,
			);
			name = Main.storyboard;
			sourceTree = "<group>";
		};
		90B2A85D2230552C00FAA212 /* LaunchScreen.storyboard */ = {
			isa = PBXVariantGroup;
			children = (
				90B2A85E2230552C00FAA212 /* Base */,
			);
			name = LaunchScreen.storyboard;
			sourceTree = "<group>";
		};
/* End PBXVariantGroup section */

/* Begin XCBuildConfiguration section */
		90B2A86C2230552D00FAA212 /* Debug */ = {
			isa = XCBuildConfiguration;
			buildSettings = {
				ALWAYS_SEARCH_USER_PATHS = NO;
				CLANG_ANALYZER_NONNULL = YES;
				CLANG_ANALYZER_NUMBER_OBJECT_CONVERSION = YES_AGGRESSIVE;
				CLANG_CXX_LANGUAGE_STANDARD = "gnu++14";
				CLANG_CXX_LIBRARY = "libc++";
				CLANG_ENABLE_MODULES = YES;
				CLANG_ENABLE_OBJC_ARC = YES;
				CLANG_ENABLE_OBJC_WEAK = YES;
				CLANG_WARN_BLOCK_CAPTURE_AUTORELEASING = YES;
				CLANG_WARN_BOOL_CONVERSION = YES;
				CLANG_WARN_COMMA = YES;
				CLANG_WARN_CONSTANT_CONVERSION = YES;
				CLANG_WARN_DEPRECATED_OBJC_IMPLEMENTATIONS = YES;
				CLANG_WARN_DIRECT_OBJC_ISA_USAGE = YES_ERROR;
				CLANG_WARN_DOCUMENTATION_COMMENTS = YES;
				CLANG_WARN_EMPTY_BODY = YES;
				CLANG_WARN_ENUM_CONVERSION = YES;
				CLANG_WARN_INFINITE_RECURSION = YES;
				CLANG_WARN_INT_CONVERSION = YES;
				CLANG_WARN_NON_LITERAL_NULL_CONVERSION = YES;
				CLANG_WARN_OBJC_IMPLICIT_RETAIN_SELF = YES;
				CLANG_WARN_OBJC_LITERAL_CONVERSION = YES;
				CLANG_WARN_OBJC_ROOT_CLASS = YES_ERROR;
				CLANG_WARN_RANGE_LOOP_ANALYSIS = YES;
				CLANG_WARN_STRICT_PROTOTYPES = YES;
				CLANG_WARN_SUSPICIOUS_MOVE = YES;
				CLANG_WARN_UNGUARDED_AVAILABILITY = YES_AGGRESSIVE;
				CLANG_WARN_UNREACHABLE_CODE = YES;
				CLANG_WARN__DUPLICATE_METHOD_MATCH = YES;
				CODE_SIGN_IDENTITY = "iPhone Developer";
				COPY_PHASE_STRIP = NO;
				DEBUG_INFORMATION_FORMAT = dwarf;
				ENABLE_STRICT_OBJC_MSGSEND = YES;
				ENABLE_TESTABILITY = YES;
				GCC_C_LANGUAGE_STANDARD = gnu11;
				GCC_DYNAMIC_NO_PIC = NO;
				GCC_NO_COMMON_BLOCKS = YES;
				GCC_OPTIMIZATION_LEVEL = 0;
				GCC_PREPROCESSOR_DEFINITIONS = (
					"DEBUG=1",
					"$(inherited)",
				);
				GCC_WARN_64_TO_32_BIT_CONVERSION = YES;
				GCC_WARN_ABOUT_RETURN_TYPE = YES_ERROR;
				GCC_WARN_UNDECLARED_SELECTOR = YES;
				GCC_WARN_UNINITIALIZED_AUTOS = YES_AGGRESSIVE;
				GCC_WARN_UNUSED_FUNCTION = YES;
				GCC_WARN_UNUSED_VARIABLE = YES;
				IPHONEOS_DEPLOYMENT_TARGET = 12.1;
				MTL_ENABLE_DEBUG_INFO = INCLUDE_SOURCE;
				MTL_FAST_MATH = YES;
				ONLY_ACTIVE_ARCH = YES;
				SDKROOT = iphoneos;
				SWIFT_ACTIVE_COMPILATION_CONDITIONS = DEBUG;
				SWIFT_OPTIMIZATION_LEVEL = "-Onone";
			};
			name = Debug;
		};
		90B2A86D2230552D00FAA212 /* Release */ = {
			isa = XCBuildConfiguration;
			buildSettings = {
				ALWAYS_SEARCH_USER_PATHS = NO;
				CLANG_ANALYZER_NONNULL = YES;
				CLANG_ANALYZER_NUMBER_OBJECT_CONVERSION = YES_AGGRESSIVE;
				CLANG_CXX_LANGUAGE_STANDARD = "gnu++14";
				CLANG_CXX_LIBRARY = "libc++";
				CLANG_ENABLE_MODULES = YES;
				CLANG_ENABLE_OBJC_ARC = YES;
				CLANG_ENABLE_OBJC_WEAK = YES;
				CLANG_WARN_BLOCK_CAPTURE_AUTORELEASING = YES;
				CLANG_WARN_BOOL_CONVERSION = YES;
				CLANG_WARN_COMMA = YES;
				CLANG_WARN_CONSTANT_CONVERSION = YES;
				CLANG_WARN_DEPRECATED_OBJC_IMPLEMENTATIONS = YES;
				CLANG_WARN_DIRECT_OBJC_ISA_USAGE = YES_ERROR;
				CLANG_WARN_DOCUMENTATION_COMMENTS = YES;
				CLANG_WARN_EMPTY_BODY = YES;
				CLANG_WARN_ENUM_CONVERSION = YES;
				CLANG_WARN_INFINITE_RECURSION = YES;
				CLANG_WARN_INT_CONVERSION = YES;
				CLANG_WARN_NON_LITERAL_NULL_CONVERSION = YES;
				CLANG_WARN_OBJC_IMPLICIT_RETAIN_SELF = YES;
				CLANG_WARN_OBJC_LITERAL_CONVERSION = YES;
				CLANG_WARN_OBJC_ROOT_CLASS = YES_ERROR;
				CLANG_WARN_RANGE_LOOP_ANALYSIS = YES;
				CLANG_WARN_STRICT_PROTOTYPES = YES;
				CLANG_WARN_SUSPICIOUS_MOVE = YES;
				CLANG_WARN_UNGUARDED_AVAILABILITY = YES_AGGRESSIVE;
				CLANG_WARN_UNREACHABLE_CODE = YES;
				CLANG_WARN__DUPLICATE_METHOD_MATCH = YES;
				CODE_SIGN_IDENTITY = "iPhone Developer";
				COPY_PHASE_STRIP = NO;
				DEBUG_INFORMATION_FORMAT = "dwarf-with-dsym";
				ENABLE_NS_ASSERTIONS = NO;
				ENABLE_STRICT_OBJC_MSGSEND = YES;
				GCC_C_LANGUAGE_STANDARD = gnu11;
				GCC_NO_COMMON_BLOCKS = YES;
				GCC_WARN_64_TO_32_BIT_CONVERSION = YES;
				GCC_WARN_ABOUT_RETURN_TYPE = YES_ERROR;
				GCC_WARN_UNDECLARED_SELECTOR = YES;
				GCC_WARN_UNINITIALIZED_AUTOS = YES_AGGRESSIVE;
				GCC_WARN_UNUSED_FUNCTION = YES;
				GCC_WARN_UNUSED_VARIABLE = YES;
				IPHONEOS_DEPLOYMENT_TARGET = 12.1;
				MTL_ENABLE_DEBUG_INFO = NO;
				MTL_FAST_MATH = YES;
				SDKROOT = iphoneos;
				SWIFT_COMPILATION_MODE = wholemodule;
				SWIFT_OPTIMIZATION_LEVEL = "-O";
				VALIDATE_PRODUCT = YES;
			};
			name = Release;
		};
		90B2A86F2230552D00FAA212 /* Debug */ = {
			isa = XCBuildConfiguration;
			buildSettings = {
				ASSETCATALOG_COMPILER_APPICON_NAME = AppIcon;
				CODE_SIGN_STYLE = Automatic;
				INFOPLIST_FILE = MatrixMultiplication/Info.plist;
				LD_RUNPATH_SEARCH_PATHS = (
					"$(inherited)",
					"@executable_path/Frameworks",
				);
				PRODUCT_BUNDLE_IDENTIFIER = com.kassergey.MatrixMultiplication;
				PRODUCT_NAME = "$(TARGET_NAME)";
				SWIFT_VERSION = 4.2;
				TARGETED_DEVICE_FAMILY = "1,2";
			};
			name = Debug;
		};
		90B2A8702230552D00FAA212 /* Release */ = {
			isa = XCBuildConfiguration;
			buildSettings = {
				ASSETCATALOG_COMPILER_APPICON_NAME = AppIcon;
				CODE_SIGN_STYLE = Automatic;
				INFOPLIST_FILE = MatrixMultiplication/Info.plist;
				LD_RUNPATH_SEARCH_PATHS = (
					"$(inherited)",
					"@executable_path/Frameworks",
				);
				PRODUCT_BUNDLE_IDENTIFIER = com.kassergey.MatrixMultiplication;
				PRODUCT_NAME = "$(TARGET_NAME)";
				SWIFT_VERSION = 4.2;
				TARGETED_DEVICE_FAMILY = "1,2";
			};
			name = Release;
		};
		90B2A8722230552D00FAA212 /* Debug */ = {
			isa = XCBuildConfiguration;
			buildSettings = {
				ALWAYS_EMBED_SWIFT_STANDARD_LIBRARIES = YES;
				BUNDLE_LOADER = "$(TEST_HOST)";
				CODE_SIGN_STYLE = Automatic;
				INFOPLIST_FILE = MatrixMultiplicationTests/Info.plist;
				LD_RUNPATH_SEARCH_PATHS = (
					"$(inherited)",
					"@executable_path/Frameworks",
					"@loader_path/Frameworks",
				);
				PRODUCT_BUNDLE_IDENTIFIER = com.kassergey.MatrixMultiplicationTests;
				PRODUCT_NAME = "$(TARGET_NAME)";
				SWIFT_VERSION = 4.2;
				TARGETED_DEVICE_FAMILY = "1,2";
				TEST_HOST = "$(BUILT_PRODUCTS_DIR)/MatrixMultiplication.app/MatrixMultiplication";
			};
			name = Debug;
		};
		90B2A8732230552D00FAA212 /* Release */ = {
			isa = XCBuildConfiguration;
			buildSettings = {
				ALWAYS_EMBED_SWIFT_STANDARD_LIBRARIES = YES;
				BUNDLE_LOADER = "$(TEST_HOST)";
				CODE_SIGN_STYLE = Automatic;
				INFOPLIST_FILE = MatrixMultiplicationTests/Info.plist;
				LD_RUNPATH_SEARCH_PATHS = (
					"$(inherited)",
					"@executable_path/Frameworks",
					"@loader_path/Frameworks",
				);
				PRODUCT_BUNDLE_IDENTIFIER = com.kassergey.MatrixMultiplicationTests;
				PRODUCT_NAME = "$(TARGET_NAME)";
				SWIFT_VERSION = 4.2;
				TARGETED_DEVICE_FAMILY = "1,2";
				TEST_HOST = "$(BUILT_PRODUCTS_DIR)/MatrixMultiplication.app/MatrixMultiplication";
			};
			name = Release;
		};
/* End XCBuildConfiguration section */

/* Begin XCConfigurationList section */
		90B2A84C2230552700FAA212 /* Build configuration list for PBXProject "MatrixMultiplication" */ = {
			isa = XCConfigurationList;
			buildConfigurations = (
				90B2A86C2230552D00FAA212 /* Debug */,
				90B2A86D2230552D00FAA212 /* Release */,
			);
			defaultConfigurationIsVisible = 0;
			defaultConfigurationName = Release;
		};
		90B2A86E2230552D00FAA212 /* Build configuration list for PBXNativeTarget "MatrixMultiplication" */ = {
			isa = XCConfigurationList;
			buildConfigurations = (
				90B2A86F2230552D00FAA212 /* Debug */,
				90B2A8702230552D00FAA212 /* Release */,
			);
			defaultConfigurationIsVisible = 0;
			defaultConfigurationName = Release;
		};
		90B2A8712230552D00FAA212 /* Build configuration list for PBXNativeTarget "MatrixMultiplicationTests" */ = {
			isa = XCConfigurationList;
			buildConfigurations = (
				90B2A8722230552D00FAA212 /* Debug */,
				90B2A8732230552D00FAA212 /* Release */,
			);
			defaultConfigurationIsVisible = 0;
			defaultConfigurationName = Release;
		};
/* End XCConfigurationList section */
	};
	rootObject = 90B2A8492230552700FAA212 /* Project object */;
}
